// !$*UTF8*$!
{
	archiveVersion = 1;
	classes = {
	};
	objectVersion = 51;
	objects = {

/* Begin PBXBuildFile section */
		4DD70BA94FDC9491D698CB5A /* Pods_6thWeek_Seminar.framework in Frameworks */ = {isa = PBXBuildFile; fileRef = 1018F085F48F7E388CE35A7F /* Pods_6thWeek_Seminar.framework */; };
		6D2260BB4F31FE4920123F31 /* Pods_6thWeek_SeminarTests.framework in Frameworks */ = {isa = PBXBuildFile; fileRef = 5A0C93A95BC612343F3B3AEC /* Pods_6thWeek_SeminarTests.framework */; };
		8ECB44A1C1ED6228BA1C7A36 /* Pods_6thWeek_Seminar_6thWeek_SeminarUITests.framework in Frameworks */ = {isa = PBXBuildFile; fileRef = D3795B97BEFCB4CD6505AF04 /* Pods_6thWeek_Seminar_6thWeek_SeminarUITests.framework */; };
		B819E136247FB2E600424856 /* homeYSViewController.swift in Sources */ = {isa = PBXBuildFile; fileRef = B819E135247FB2E600424856 /* homeYSViewController.swift */; };
		B819E138247FC4F900424856 /* BannerCell.swift in Sources */ = {isa = PBXBuildFile; fileRef = B819E137247FC4F900424856 /* BannerCell.swift */; };
		B819E13B247FC66800424856 /* banner.swift in Sources */ = {isa = PBXBuildFile; fileRef = B819E13A247FC66800424856 /* banner.swift */; };
		B82CB6D9248FFFB2002B0704 /* NetworkResult.swift in Sources */ = {isa = PBXBuildFile; fileRef = B82CB6D6248FFFB2002B0704 /* NetworkResult.swift */; };
		B82CB6DA248FFFB2002B0704 /* APIConstants.swift in Sources */ = {isa = PBXBuildFile; fileRef = B82CB6D7248FFFB2002B0704 /* APIConstants.swift */; };
		B82CB6DB248FFFB2002B0704 /* shoppingbagData.swift in Sources */ = {isa = PBXBuildFile; fileRef = B82CB6D8248FFFB2002B0704 /* shoppingbagData.swift */; };
		B82CB6E2248FFFD3002B0704 /* SHH_child2ViewController.swift in Sources */ = {isa = PBXBuildFile; fileRef = B82CB6DC248FFFD3002B0704 /* SHH_child2ViewController.swift */; };
		B82CB6E3248FFFD3002B0704 /* childViewController2.swift in Sources */ = {isa = PBXBuildFile; fileRef = B82CB6DD248FFFD3002B0704 /* childViewController2.swift */; };
		B82CB6E4248FFFD3002B0704 /* SHH_ParentViewController.swift in Sources */ = {isa = PBXBuildFile; fileRef = B82CB6DE248FFFD3002B0704 /* SHH_ParentViewController.swift */; };
		B82CB6E5248FFFD3002B0704 /* ParentViewController.swift in Sources */ = {isa = PBXBuildFile; fileRef = B82CB6DF248FFFD3002B0704 /* ParentViewController.swift */; };
		B82CB6E6248FFFD3002B0704 /* childViewController1.swift in Sources */ = {isa = PBXBuildFile; fileRef = B82CB6E0248FFFD3002B0704 /* childViewController1.swift */; };
		B82CB6E7248FFFD3002B0704 /* MenuTabViewController.swift in Sources */ = {isa = PBXBuildFile; fileRef = B82CB6E1248FFFD3002B0704 /* MenuTabViewController.swift */; };
		B82CB6E9248FFFED002B0704 /* ItemInfo.swift in Sources */ = {isa = PBXBuildFile; fileRef = B82CB6E8248FFFED002B0704 /* ItemInfo.swift */; };
		B82CB6EC24900006002B0704 /* cart_yoonjin.storyboard in Resources */ = {isa = PBXBuildFile; fileRef = B82CB6EA24900006002B0704 /* cart_yoonjin.storyboard */; };
		B82CB6ED24900006002B0704 /* SHH_child1ViewController.swift in Sources */ = {isa = PBXBuildFile; fileRef = B82CB6EB24900006002B0704 /* SHH_child1ViewController.swift */; };
		B82CB6EF249000EE002B0704 /* cart_hwangho.storyboard in Resources */ = {isa = PBXBuildFile; fileRef = B82CB6EE249000EE002B0704 /* cart_hwangho.storyboard */; };
		B8410FA82481225E00A7EB04 /* ContentCell.swift in Sources */ = {isa = PBXBuildFile; fileRef = B8410FA72481225E00A7EB04 /* ContentCell.swift */; };
		B8410FAA2481324D00A7EB04 /* content.swift in Sources */ = {isa = PBXBuildFile; fileRef = B8410FA92481324C00A7EB04 /* content.swift */; };
		B8939346247D035F00A4AB28 /* AppDelegate.swift in Sources */ = {isa = PBXBuildFile; fileRef = B8939345247D035F00A4AB28 /* AppDelegate.swift */; };
		B8939348247D035F00A4AB28 /* SceneDelegate.swift in Sources */ = {isa = PBXBuildFile; fileRef = B8939347247D035F00A4AB28 /* SceneDelegate.swift */; };
		B893934A247D035F00A4AB28 /* ViewController.swift in Sources */ = {isa = PBXBuildFile; fileRef = B8939349247D035F00A4AB28 /* ViewController.swift */; };
		B893934D247D035F00A4AB28 /* Main.storyboard in Resources */ = {isa = PBXBuildFile; fileRef = B893934B247D035F00A4AB28 /* Main.storyboard */; };
		B893934F247D036500A4AB28 /* Assets.xcassets in Resources */ = {isa = PBXBuildFile; fileRef = B893934E247D036500A4AB28 /* Assets.xcassets */; };
		B8939352247D036500A4AB28 /* LaunchScreen.storyboard in Resources */ = {isa = PBXBuildFile; fileRef = B8939350247D036500A4AB28 /* LaunchScreen.storyboard */; };
		B893935D247D036500A4AB28 /* _thWeek_SeminarTests.swift in Sources */ = {isa = PBXBuildFile; fileRef = B893935C247D036500A4AB28 /* _thWeek_SeminarTests.swift */; };
		B8939368247D036500A4AB28 /* _thWeek_SeminarUITests.swift in Sources */ = {isa = PBXBuildFile; fileRef = B8939367247D036500A4AB28 /* _thWeek_SeminarUITests.swift */; };
		B893937D247D068B00A4AB28 /* home_siyeon.storyboard in Resources */ = {isa = PBXBuildFile; fileRef = B893937C247D068B00A4AB28 /* home_siyeon.storyboard */; };
		B8939380247D08A700A4AB28 /* home_yeseul.storyboard in Resources */ = {isa = PBXBuildFile; fileRef = B893937F247D08A700A4AB28 /* home_yeseul.storyboard */; };
		B8B39AAE2482435900E3E2A2 /* ItemCell.swift in Sources */ = {isa = PBXBuildFile; fileRef = B8B39AAD2482435900E3E2A2 /* ItemCell.swift */; };
/* End PBXBuildFile section */

/* Begin PBXContainerItemProxy section */
		B8939359247D036500A4AB28 /* PBXContainerItemProxy */ = {
			isa = PBXContainerItemProxy;
			containerPortal = B893933A247D035F00A4AB28 /* Project object */;
			proxyType = 1;
			remoteGlobalIDString = B8939341247D035F00A4AB28;
			remoteInfo = 6thWeek_Seminar;
		};
		B8939364247D036500A4AB28 /* PBXContainerItemProxy */ = {
			isa = PBXContainerItemProxy;
			containerPortal = B893933A247D035F00A4AB28 /* Project object */;
			proxyType = 1;
			remoteGlobalIDString = B8939341247D035F00A4AB28;
			remoteInfo = 6thWeek_Seminar;
		};
/* End PBXContainerItemProxy section */

/* Begin PBXFileReference section */
		1018F085F48F7E388CE35A7F /* Pods_6thWeek_Seminar.framework */ = {isa = PBXFileReference; explicitFileType = wrapper.framework; includeInIndex = 0; path = Pods_6thWeek_Seminar.framework; sourceTree = BUILT_PRODUCTS_DIR; };
		2910FD1DF7EFD80E190C1DD4 /* Pods-6thWeek_SeminarTests.debug.xcconfig */ = {isa = PBXFileReference; includeInIndex = 1; lastKnownFileType = text.xcconfig; name = "Pods-6thWeek_SeminarTests.debug.xcconfig"; path = "Target Support Files/Pods-6thWeek_SeminarTests/Pods-6thWeek_SeminarTests.debug.xcconfig"; sourceTree = "<group>"; };
		5A0C93A95BC612343F3B3AEC /* Pods_6thWeek_SeminarTests.framework */ = {isa = PBXFileReference; explicitFileType = wrapper.framework; includeInIndex = 0; path = Pods_6thWeek_SeminarTests.framework; sourceTree = BUILT_PRODUCTS_DIR; };
		64805728A0DEC9D30D2274D7 /* Pods-6thWeek_Seminar.debug.xcconfig */ = {isa = PBXFileReference; includeInIndex = 1; lastKnownFileType = text.xcconfig; name = "Pods-6thWeek_Seminar.debug.xcconfig"; path = "Target Support Files/Pods-6thWeek_Seminar/Pods-6thWeek_Seminar.debug.xcconfig"; sourceTree = "<group>"; };
		78071CC74078415B36BEBAFD /* Pods-6thWeek_SeminarTests.release.xcconfig */ = {isa = PBXFileReference; includeInIndex = 1; lastKnownFileType = text.xcconfig; name = "Pods-6thWeek_SeminarTests.release.xcconfig"; path = "Target Support Files/Pods-6thWeek_SeminarTests/Pods-6thWeek_SeminarTests.release.xcconfig"; sourceTree = "<group>"; };
		86B05CCD337A565AD21E07AC /* Pods-6thWeek_Seminar-6thWeek_SeminarUITests.debug.xcconfig */ = {isa = PBXFileReference; includeInIndex = 1; lastKnownFileType = text.xcconfig; name = "Pods-6thWeek_Seminar-6thWeek_SeminarUITests.debug.xcconfig"; path = "Target Support Files/Pods-6thWeek_Seminar-6thWeek_SeminarUITests/Pods-6thWeek_Seminar-6thWeek_SeminarUITests.debug.xcconfig"; sourceTree = "<group>"; };
		90107FFED4FF7F29F1DF6F84 /* Pods-6thWeek_Seminar-6thWeek_SeminarUITests.release.xcconfig */ = {isa = PBXFileReference; includeInIndex = 1; lastKnownFileType = text.xcconfig; name = "Pods-6thWeek_Seminar-6thWeek_SeminarUITests.release.xcconfig"; path = "Target Support Files/Pods-6thWeek_Seminar-6thWeek_SeminarUITests/Pods-6thWeek_Seminar-6thWeek_SeminarUITests.release.xcconfig"; sourceTree = "<group>"; };
		B819E135247FB2E600424856 /* homeYSViewController.swift */ = {isa = PBXFileReference; lastKnownFileType = sourcecode.swift; path = homeYSViewController.swift; sourceTree = "<group>"; };
		B819E137247FC4F900424856 /* BannerCell.swift */ = {isa = PBXFileReference; lastKnownFileType = sourcecode.swift; path = BannerCell.swift; sourceTree = "<group>"; };
		B819E13A247FC66800424856 /* banner.swift */ = {isa = PBXFileReference; lastKnownFileType = sourcecode.swift; path = banner.swift; sourceTree = "<group>"; };
		B82CB6D6248FFFB2002B0704 /* NetworkResult.swift */ = {isa = PBXFileReference; fileEncoding = 4; lastKnownFileType = sourcecode.swift; path = NetworkResult.swift; sourceTree = "<group>"; };
		B82CB6D7248FFFB2002B0704 /* APIConstants.swift */ = {isa = PBXFileReference; fileEncoding = 4; lastKnownFileType = sourcecode.swift; path = APIConstants.swift; sourceTree = "<group>"; };
		B82CB6D8248FFFB2002B0704 /* shoppingbagData.swift */ = {isa = PBXFileReference; fileEncoding = 4; lastKnownFileType = sourcecode.swift; path = shoppingbagData.swift; sourceTree = "<group>"; };
		B82CB6DC248FFFD3002B0704 /* SHH_child2ViewController.swift */ = {isa = PBXFileReference; fileEncoding = 4; lastKnownFileType = sourcecode.swift; path = SHH_child2ViewController.swift; sourceTree = "<group>"; };
		B82CB6DD248FFFD3002B0704 /* childViewController2.swift */ = {isa = PBXFileReference; fileEncoding = 4; lastKnownFileType = sourcecode.swift; path = childViewController2.swift; sourceTree = "<group>"; };
		B82CB6DE248FFFD3002B0704 /* SHH_ParentViewController.swift */ = {isa = PBXFileReference; fileEncoding = 4; lastKnownFileType = sourcecode.swift; path = SHH_ParentViewController.swift; sourceTree = "<group>"; };
		B82CB6DF248FFFD3002B0704 /* ParentViewController.swift */ = {isa = PBXFileReference; fileEncoding = 4; lastKnownFileType = sourcecode.swift; path = ParentViewController.swift; sourceTree = "<group>"; };
		B82CB6E0248FFFD3002B0704 /* childViewController1.swift */ = {isa = PBXFileReference; fileEncoding = 4; lastKnownFileType = sourcecode.swift; path = childViewController1.swift; sourceTree = "<group>"; };
		B82CB6E1248FFFD3002B0704 /* MenuTabViewController.swift */ = {isa = PBXFileReference; fileEncoding = 4; lastKnownFileType = sourcecode.swift; path = MenuTabViewController.swift; sourceTree = "<group>"; };
		B82CB6E8248FFFED002B0704 /* ItemInfo.swift */ = {isa = PBXFileReference; fileEncoding = 4; lastKnownFileType = sourcecode.swift; path = ItemInfo.swift; sourceTree = "<group>"; };
		B82CB6EA24900006002B0704 /* cart_yoonjin.storyboard */ = {isa = PBXFileReference; fileEncoding = 4; lastKnownFileType = file.storyboard; path = cart_yoonjin.storyboard; sourceTree = "<group>"; };
		B82CB6EB24900006002B0704 /* SHH_child1ViewController.swift */ = {isa = PBXFileReference; fileEncoding = 4; lastKnownFileType = sourcecode.swift; path = SHH_child1ViewController.swift; sourceTree = "<group>"; };
		B82CB6EE249000EE002B0704 /* cart_hwangho.storyboard */ = {isa = PBXFileReference; fileEncoding = 4; lastKnownFileType = file.storyboard; path = cart_hwangho.storyboard; sourceTree = "<group>"; };
		B8410FA72481225E00A7EB04 /* ContentCell.swift */ = {isa = PBXFileReference; lastKnownFileType = sourcecode.swift; path = ContentCell.swift; sourceTree = "<group>"; };
		B8410FA92481324C00A7EB04 /* content.swift */ = {isa = PBXFileReference; lastKnownFileType = sourcecode.swift; path = content.swift; sourceTree = "<group>"; };
		B8939342247D035F00A4AB28 /* 6thWeek_Seminar.app */ = {isa = PBXFileReference; explicitFileType = wrapper.application; includeInIndex = 0; path = 6thWeek_Seminar.app; sourceTree = BUILT_PRODUCTS_DIR; };
		B8939345247D035F00A4AB28 /* AppDelegate.swift */ = {isa = PBXFileReference; lastKnownFileType = sourcecode.swift; path = AppDelegate.swift; sourceTree = "<group>"; };
		B8939347247D035F00A4AB28 /* SceneDelegate.swift */ = {isa = PBXFileReference; lastKnownFileType = sourcecode.swift; path = SceneDelegate.swift; sourceTree = "<group>"; };
		B8939349247D035F00A4AB28 /* ViewController.swift */ = {isa = PBXFileReference; lastKnownFileType = sourcecode.swift; path = ViewController.swift; sourceTree = "<group>"; };
		B893934C247D035F00A4AB28 /* Base */ = {isa = PBXFileReference; lastKnownFileType = file.storyboard; name = Base; path = Base.lproj/Main.storyboard; sourceTree = "<group>"; };
		B893934E247D036500A4AB28 /* Assets.xcassets */ = {isa = PBXFileReference; lastKnownFileType = folder.assetcatalog; path = Assets.xcassets; sourceTree = "<group>"; };
		B8939351247D036500A4AB28 /* Base */ = {isa = PBXFileReference; lastKnownFileType = file.storyboard; name = Base; path = Base.lproj/LaunchScreen.storyboard; sourceTree = "<group>"; };
		B8939353247D036500A4AB28 /* Info.plist */ = {isa = PBXFileReference; lastKnownFileType = text.plist.xml; path = Info.plist; sourceTree = "<group>"; };
		B8939358247D036500A4AB28 /* 6thWeek_SeminarTests.xctest */ = {isa = PBXFileReference; explicitFileType = wrapper.cfbundle; includeInIndex = 0; path = 6thWeek_SeminarTests.xctest; sourceTree = BUILT_PRODUCTS_DIR; };
		B893935C247D036500A4AB28 /* _thWeek_SeminarTests.swift */ = {isa = PBXFileReference; lastKnownFileType = sourcecode.swift; path = _thWeek_SeminarTests.swift; sourceTree = "<group>"; };
		B893935E247D036500A4AB28 /* Info.plist */ = {isa = PBXFileReference; lastKnownFileType = text.plist.xml; path = Info.plist; sourceTree = "<group>"; };
		B8939363247D036500A4AB28 /* 6thWeek_SeminarUITests.xctest */ = {isa = PBXFileReference; explicitFileType = wrapper.cfbundle; includeInIndex = 0; path = 6thWeek_SeminarUITests.xctest; sourceTree = BUILT_PRODUCTS_DIR; };
		B8939367247D036500A4AB28 /* _thWeek_SeminarUITests.swift */ = {isa = PBXFileReference; lastKnownFileType = sourcecode.swift; path = _thWeek_SeminarUITests.swift; sourceTree = "<group>"; };
		B8939369247D036500A4AB28 /* Info.plist */ = {isa = PBXFileReference; lastKnownFileType = text.plist.xml; path = Info.plist; sourceTree = "<group>"; };
		B893937C247D068B00A4AB28 /* home_siyeon.storyboard */ = {isa = PBXFileReference; lastKnownFileType = file.storyboard; path = home_siyeon.storyboard; sourceTree = "<group>"; };
		B893937F247D08A700A4AB28 /* home_yeseul.storyboard */ = {isa = PBXFileReference; lastKnownFileType = file.storyboard; path = home_yeseul.storyboard; sourceTree = "<group>"; };
		B8B39AAD2482435900E3E2A2 /* ItemCell.swift */ = {isa = PBXFileReference; fileEncoding = 4; lastKnownFileType = sourcecode.swift; path = ItemCell.swift; sourceTree = "<group>"; };
		CE27C2EEF02CDC7B881043D0 /* Pods-6thWeek_Seminar.release.xcconfig */ = {isa = PBXFileReference; includeInIndex = 1; lastKnownFileType = text.xcconfig; name = "Pods-6thWeek_Seminar.release.xcconfig"; path = "Target Support Files/Pods-6thWeek_Seminar/Pods-6thWeek_Seminar.release.xcconfig"; sourceTree = "<group>"; };
		D3795B97BEFCB4CD6505AF04 /* Pods_6thWeek_Seminar_6thWeek_SeminarUITests.framework */ = {isa = PBXFileReference; explicitFileType = wrapper.framework; includeInIndex = 0; path = Pods_6thWeek_Seminar_6thWeek_SeminarUITests.framework; sourceTree = BUILT_PRODUCTS_DIR; };
/* End PBXFileReference section */

/* Begin PBXFrameworksBuildPhase section */
		B893933F247D035F00A4AB28 /* Frameworks */ = {
			isa = PBXFrameworksBuildPhase;
			buildActionMask = 2147483647;
			files = (
				4DD70BA94FDC9491D698CB5A /* Pods_6thWeek_Seminar.framework in Frameworks */,
			);
			runOnlyForDeploymentPostprocessing = 0;
		};
		B8939355247D036500A4AB28 /* Frameworks */ = {
			isa = PBXFrameworksBuildPhase;
			buildActionMask = 2147483647;
			files = (
				6D2260BB4F31FE4920123F31 /* Pods_6thWeek_SeminarTests.framework in Frameworks */,
			);
			runOnlyForDeploymentPostprocessing = 0;
		};
		B8939360247D036500A4AB28 /* Frameworks */ = {
			isa = PBXFrameworksBuildPhase;
			buildActionMask = 2147483647;
			files = (
				8ECB44A1C1ED6228BA1C7A36 /* Pods_6thWeek_Seminar_6thWeek_SeminarUITests.framework in Frameworks */,
			);
			runOnlyForDeploymentPostprocessing = 0;
		};
/* End PBXFrameworksBuildPhase section */

/* Begin PBXGroup section */
		0B62B0498B76F59F347F51B3 /* Frameworks */ = {
			isa = PBXGroup;
			children = (
				1018F085F48F7E388CE35A7F /* Pods_6thWeek_Seminar.framework */,
				D3795B97BEFCB4CD6505AF04 /* Pods_6thWeek_Seminar_6thWeek_SeminarUITests.framework */,
				5A0C93A95BC612343F3B3AEC /* Pods_6thWeek_SeminarTests.framework */,
			);
			name = Frameworks;
			sourceTree = "<group>";
		};
		B819E139247FC50700424856 /* Cells */ = {
			isa = PBXGroup;
			children = (
				B8B39AAD2482435900E3E2A2 /* ItemCell.swift */,
				B819E137247FC4F900424856 /* BannerCell.swift */,
				B8410FA72481225E00A7EB04 /* ContentCell.swift */,
			);
			path = Cells;
			sourceTree = "<group>";
		};
		B8939339247D035F00A4AB28 = {
			isa = PBXGroup;
			children = (
				B8939344247D035F00A4AB28 /* 6thWeek_Seminar */,
				B893935B247D036500A4AB28 /* 6thWeek_SeminarTests */,
				B8939366247D036500A4AB28 /* 6thWeek_SeminarUITests */,
				B8939343247D035F00A4AB28 /* Products */,
				C286965A17A27FDDCE591963 /* Pods */,
				0B62B0498B76F59F347F51B3 /* Frameworks */,
			);
			sourceTree = "<group>";
		};
		B8939343247D035F00A4AB28 /* Products */ = {
			isa = PBXGroup;
			children = (
				B8939342247D035F00A4AB28 /* 6thWeek_Seminar.app */,
				B8939358247D036500A4AB28 /* 6thWeek_SeminarTests.xctest */,
				B8939363247D036500A4AB28 /* 6thWeek_SeminarUITests.xctest */,
			);
			name = Products;
			sourceTree = "<group>";
		};
		B8939344247D035F00A4AB28 /* 6thWeek_Seminar */ = {
			isa = PBXGroup;
			children = (
				B8939378247D044300A4AB28 /* Sources */,
				B8939377247D03FD00A4AB28 /* Resources */,
				B8939345247D035F00A4AB28 /* AppDelegate.swift */,
				B8939347247D035F00A4AB28 /* SceneDelegate.swift */,
				B8939353247D036500A4AB28 /* Info.plist */,
			);
			path = 6thWeek_Seminar;
			sourceTree = "<group>";
		};
		B893935B247D036500A4AB28 /* 6thWeek_SeminarTests */ = {
			isa = PBXGroup;
			children = (
				B893935C247D036500A4AB28 /* _thWeek_SeminarTests.swift */,
				B893935E247D036500A4AB28 /* Info.plist */,
			);
			path = 6thWeek_SeminarTests;
			sourceTree = "<group>";
		};
		B8939366247D036500A4AB28 /* 6thWeek_SeminarUITests */ = {
			isa = PBXGroup;
			children = (
				B8939367247D036500A4AB28 /* _thWeek_SeminarUITests.swift */,
				B8939369247D036500A4AB28 /* Info.plist */,
			);
			path = 6thWeek_SeminarUITests;
			sourceTree = "<group>";
		};
		B8939377247D03FD00A4AB28 /* Resources */ = {
			isa = PBXGroup;
			children = (
				B82CB6EE249000EE002B0704 /* cart_hwangho.storyboard */,
				B82CB6EA24900006002B0704 /* cart_yoonjin.storyboard */,
				B893934B247D035F00A4AB28 /* Main.storyboard */,
				B893937F247D08A700A4AB28 /* home_yeseul.storyboard */,
				B893937C247D068B00A4AB28 /* home_siyeon.storyboard */,
				B893934E247D036500A4AB28 /* Assets.xcassets */,
				B8939350247D036500A4AB28 /* LaunchScreen.storyboard */,
			);
			path = Resources;
			sourceTree = "<group>";
		};
		B8939378247D044300A4AB28 /* Sources */ = {
			isa = PBXGroup;
			children = (
				B82CB6D7248FFFB2002B0704 /* APIConstants.swift */,
				B82CB6D6248FFFB2002B0704 /* NetworkResult.swift */,
				B82CB6D8248FFFB2002B0704 /* shoppingbagData.swift */,
				B819E139247FC50700424856 /* Cells */,
				B8939379247D045100A4AB28 /* ViewControllers */,
				B819E13A247FC66800424856 /* banner.swift */,
				B8410FA92481324C00A7EB04 /* content.swift */,
				B82CB6E8248FFFED002B0704 /* ItemInfo.swift */,
			);
			path = Sources;
			sourceTree = "<group>";
		};
		B8939379247D045100A4AB28 /* ViewControllers */ = {
			isa = PBXGroup;
			children = (
				B82CB6E0248FFFD3002B0704 /* childViewController1.swift */,
				B82CB6DD248FFFD3002B0704 /* childViewController2.swift */,
				B82CB6E1248FFFD3002B0704 /* MenuTabViewController.swift */,
				B82CB6DF248FFFD3002B0704 /* ParentViewController.swift */,
				B82CB6DC248FFFD3002B0704 /* SHH_child2ViewController.swift */,
				B82CB6EB24900006002B0704 /* SHH_child1ViewController.swift */,
				B82CB6DE248FFFD3002B0704 /* SHH_ParentViewController.swift */,
				B8939349247D035F00A4AB28 /* ViewController.swift */,
				B819E135247FB2E600424856 /* homeYSViewController.swift */,
			);
			path = ViewControllers;
			sourceTree = "<group>";
		};
		C286965A17A27FDDCE591963 /* Pods */ = {
			isa = PBXGroup;
			children = (
				64805728A0DEC9D30D2274D7 /* Pods-6thWeek_Seminar.debug.xcconfig */,
				CE27C2EEF02CDC7B881043D0 /* Pods-6thWeek_Seminar.release.xcconfig */,
				86B05CCD337A565AD21E07AC /* Pods-6thWeek_Seminar-6thWeek_SeminarUITests.debug.xcconfig */,
				90107FFED4FF7F29F1DF6F84 /* Pods-6thWeek_Seminar-6thWeek_SeminarUITests.release.xcconfig */,
				2910FD1DF7EFD80E190C1DD4 /* Pods-6thWeek_SeminarTests.debug.xcconfig */,
				78071CC74078415B36BEBAFD /* Pods-6thWeek_SeminarTests.release.xcconfig */,
			);
			path = Pods;
			sourceTree = "<group>";
		};
/* End PBXGroup section */

/* Begin PBXNativeTarget section */
		B8939341247D035F00A4AB28 /* 6thWeek_Seminar */ = {
			isa = PBXNativeTarget;
			buildConfigurationList = B893936C247D036500A4AB28 /* Build configuration list for PBXNativeTarget "6thWeek_Seminar" */;
			buildPhases = (
				7AFCB5AD011D8ECD5F46B4D1 /* [CP] Check Pods Manifest.lock */,
				B893933E247D035F00A4AB28 /* Sources */,
				B893933F247D035F00A4AB28 /* Frameworks */,
				B8939340247D035F00A4AB28 /* Resources */,
				90EAAA9EA6889D711F56F6B4 /* [CP] Embed Pods Frameworks */,
			);
			buildRules = (
			);
			dependencies = (
			);
			name = 6thWeek_Seminar;
			productName = 6thWeek_Seminar;
			productReference = B8939342247D035F00A4AB28 /* 6thWeek_Seminar.app */;
			productType = "com.apple.product-type.application";
		};
		B8939357247D036500A4AB28 /* 6thWeek_SeminarTests */ = {
			isa = PBXNativeTarget;
			buildConfigurationList = B893936F247D036500A4AB28 /* Build configuration list for PBXNativeTarget "6thWeek_SeminarTests" */;
			buildPhases = (
				8A5C3342F8F23CCA77B5CB6F /* [CP] Check Pods Manifest.lock */,
				B8939354247D036500A4AB28 /* Sources */,
				B8939355247D036500A4AB28 /* Frameworks */,
				B8939356247D036500A4AB28 /* Resources */,
			);
			buildRules = (
			);
			dependencies = (
				B893935A247D036500A4AB28 /* PBXTargetDependency */,
			);
			name = 6thWeek_SeminarTests;
			productName = 6thWeek_SeminarTests;
			productReference = B8939358247D036500A4AB28 /* 6thWeek_SeminarTests.xctest */;
			productType = "com.apple.product-type.bundle.unit-test";
		};
		B8939362247D036500A4AB28 /* 6thWeek_SeminarUITests */ = {
			isa = PBXNativeTarget;
			buildConfigurationList = B8939372247D036500A4AB28 /* Build configuration list for PBXNativeTarget "6thWeek_SeminarUITests" */;
			buildPhases = (
				6E0A902DC14314888FB9833F /* [CP] Check Pods Manifest.lock */,
				B893935F247D036500A4AB28 /* Sources */,
				B8939360247D036500A4AB28 /* Frameworks */,
				B8939361247D036500A4AB28 /* Resources */,
				3ADD4DC000A804DAA20EC75E /* [CP] Embed Pods Frameworks */,
			);
			buildRules = (
			);
			dependencies = (
				B8939365247D036500A4AB28 /* PBXTargetDependency */,
			);
			name = 6thWeek_SeminarUITests;
			productName = 6thWeek_SeminarUITests;
			productReference = B8939363247D036500A4AB28 /* 6thWeek_SeminarUITests.xctest */;
			productType = "com.apple.product-type.bundle.ui-testing";
		};
/* End PBXNativeTarget section */

/* Begin PBXProject section */
		B893933A247D035F00A4AB28 /* Project object */ = {
			isa = PBXProject;
			attributes = {
				LastSwiftUpdateCheck = 1140;
				LastUpgradeCheck = 1140;
				ORGANIZATIONNAME = "이예슬";
				TargetAttributes = {
					B8939341247D035F00A4AB28 = {
						CreatedOnToolsVersion = 11.4.1;
					};
					B8939357247D036500A4AB28 = {
						CreatedOnToolsVersion = 11.4.1;
						TestTargetID = B8939341247D035F00A4AB28;
					};
					B8939362247D036500A4AB28 = {
						CreatedOnToolsVersion = 11.4.1;
						TestTargetID = B8939341247D035F00A4AB28;
					};
				};
			};
			buildConfigurationList = B893933D247D035F00A4AB28 /* Build configuration list for PBXProject "6thWeek_Seminar" */;
			compatibilityVersion = "Xcode 9.3";
			developmentRegion = en;
			hasScannedForEncodings = 0;
			knownRegions = (
				en,
				Base,
			);
			mainGroup = B8939339247D035F00A4AB28;
			productRefGroup = B8939343247D035F00A4AB28 /* Products */;
			projectDirPath = "";
			projectRoot = "";
			targets = (
				B8939341247D035F00A4AB28 /* 6thWeek_Seminar */,
				B8939357247D036500A4AB28 /* 6thWeek_SeminarTests */,
				B8939362247D036500A4AB28 /* 6thWeek_SeminarUITests */,
			);
		};
/* End PBXProject section */

/* Begin PBXResourcesBuildPhase section */
		B8939340247D035F00A4AB28 /* Resources */ = {
			isa = PBXResourcesBuildPhase;
			buildActionMask = 2147483647;
			files = (
				B8939380247D08A700A4AB28 /* home_yeseul.storyboard in Resources */,
				B82CB6EF249000EE002B0704 /* cart_hwangho.storyboard in Resources */,
				B8939352247D036500A4AB28 /* LaunchScreen.storyboard in Resources */,
				B82CB6EC24900006002B0704 /* cart_yoonjin.storyboard in Resources */,
				B893934F247D036500A4AB28 /* Assets.xcassets in Resources */,
				B893934D247D035F00A4AB28 /* Main.storyboard in Resources */,
				B893937D247D068B00A4AB28 /* home_siyeon.storyboard in Resources */,
			);
			runOnlyForDeploymentPostprocessing = 0;
		};
		B8939356247D036500A4AB28 /* Resources */ = {
			isa = PBXResourcesBuildPhase;
			buildActionMask = 2147483647;
			files = (
			);
			runOnlyForDeploymentPostprocessing = 0;
		};
		B8939361247D036500A4AB28 /* Resources */ = {
			isa = PBXResourcesBuildPhase;
			buildActionMask = 2147483647;
			files = (
			);
			runOnlyForDeploymentPostprocessing = 0;
		};
/* End PBXResourcesBuildPhase section */

/* Begin PBXShellScriptBuildPhase section */
		3ADD4DC000A804DAA20EC75E /* [CP] Embed Pods Frameworks */ = {
			isa = PBXShellScriptBuildPhase;
			buildActionMask = 2147483647;
			files = (
			);
			inputFileListPaths = (
				"${PODS_ROOT}/Target Support Files/Pods-6thWeek_Seminar-6thWeek_SeminarUITests/Pods-6thWeek_Seminar-6thWeek_SeminarUITests-frameworks-${CONFIGURATION}-input-files.xcfilelist",
			);
			name = "[CP] Embed Pods Frameworks";
			outputFileListPaths = (
				"${PODS_ROOT}/Target Support Files/Pods-6thWeek_Seminar-6thWeek_SeminarUITests/Pods-6thWeek_Seminar-6thWeek_SeminarUITests-frameworks-${CONFIGURATION}-output-files.xcfilelist",
			);
			runOnlyForDeploymentPostprocessing = 0;
			shellPath = /bin/sh;
			shellScript = "\"${PODS_ROOT}/Target Support Files/Pods-6thWeek_Seminar-6thWeek_SeminarUITests/Pods-6thWeek_Seminar-6thWeek_SeminarUITests-frameworks.sh\"\n";
			showEnvVarsInLog = 0;
		};
		6E0A902DC14314888FB9833F /* [CP] Check Pods Manifest.lock */ = {
			isa = PBXShellScriptBuildPhase;
			buildActionMask = 2147483647;
			files = (
			);
			inputFileListPaths = (
			);
			inputPaths = (
				"${PODS_PODFILE_DIR_PATH}/Podfile.lock",
				"${PODS_ROOT}/Manifest.lock",
			);
			name = "[CP] Check Pods Manifest.lock";
			outputFileListPaths = (
			);
			outputPaths = (
				"$(DERIVED_FILE_DIR)/Pods-6thWeek_Seminar-6thWeek_SeminarUITests-checkManifestLockResult.txt",
			);
			runOnlyForDeploymentPostprocessing = 0;
			shellPath = /bin/sh;
			shellScript = "diff \"${PODS_PODFILE_DIR_PATH}/Podfile.lock\" \"${PODS_ROOT}/Manifest.lock\" > /dev/null\nif [ $? != 0 ] ; then\n    # print error to STDERR\n    echo \"error: The sandbox is not in sync with the Podfile.lock. Run 'pod install' or update your CocoaPods installation.\" >&2\n    exit 1\nfi\n# This output is used by Xcode 'outputs' to avoid re-running this script phase.\necho \"SUCCESS\" > \"${SCRIPT_OUTPUT_FILE_0}\"\n";
			showEnvVarsInLog = 0;
		};
		7AFCB5AD011D8ECD5F46B4D1 /* [CP] Check Pods Manifest.lock */ = {
			isa = PBXShellScriptBuildPhase;
			buildActionMask = 2147483647;
			files = (
			);
			inputFileListPaths = (
			);
			inputPaths = (
				"${PODS_PODFILE_DIR_PATH}/Podfile.lock",
				"${PODS_ROOT}/Manifest.lock",
			);
			name = "[CP] Check Pods Manifest.lock";
			outputFileListPaths = (
			);
			outputPaths = (
				"$(DERIVED_FILE_DIR)/Pods-6thWeek_Seminar-checkManifestLockResult.txt",
			);
			runOnlyForDeploymentPostprocessing = 0;
			shellPath = /bin/sh;
			shellScript = "diff \"${PODS_PODFILE_DIR_PATH}/Podfile.lock\" \"${PODS_ROOT}/Manifest.lock\" > /dev/null\nif [ $? != 0 ] ; then\n    # print error to STDERR\n    echo \"error: The sandbox is not in sync with the Podfile.lock. Run 'pod install' or update your CocoaPods installation.\" >&2\n    exit 1\nfi\n# This output is used by Xcode 'outputs' to avoid re-running this script phase.\necho \"SUCCESS\" > \"${SCRIPT_OUTPUT_FILE_0}\"\n";
			showEnvVarsInLog = 0;
		};
		8A5C3342F8F23CCA77B5CB6F /* [CP] Check Pods Manifest.lock */ = {
			isa = PBXShellScriptBuildPhase;
			buildActionMask = 2147483647;
			files = (
			);
			inputFileListPaths = (
			);
			inputPaths = (
				"${PODS_PODFILE_DIR_PATH}/Podfile.lock",
				"${PODS_ROOT}/Manifest.lock",
			);
			name = "[CP] Check Pods Manifest.lock";
			outputFileListPaths = (
			);
			outputPaths = (
				"$(DERIVED_FILE_DIR)/Pods-6thWeek_SeminarTests-checkManifestLockResult.txt",
			);
			runOnlyForDeploymentPostprocessing = 0;
			shellPath = /bin/sh;
			shellScript = "diff \"${PODS_PODFILE_DIR_PATH}/Podfile.lock\" \"${PODS_ROOT}/Manifest.lock\" > /dev/null\nif [ $? != 0 ] ; then\n    # print error to STDERR\n    echo \"error: The sandbox is not in sync with the Podfile.lock. Run 'pod install' or update your CocoaPods installation.\" >&2\n    exit 1\nfi\n# This output is used by Xcode 'outputs' to avoid re-running this script phase.\necho \"SUCCESS\" > \"${SCRIPT_OUTPUT_FILE_0}\"\n";
			showEnvVarsInLog = 0;
		};
		90EAAA9EA6889D711F56F6B4 /* [CP] Embed Pods Frameworks */ = {
			isa = PBXShellScriptBuildPhase;
			buildActionMask = 2147483647;
			files = (
			);
			inputFileListPaths = (
				"${PODS_ROOT}/Target Support Files/Pods-6thWeek_Seminar/Pods-6thWeek_Seminar-frameworks-${CONFIGURATION}-input-files.xcfilelist",
			);
			name = "[CP] Embed Pods Frameworks";
			outputFileListPaths = (
				"${PODS_ROOT}/Target Support Files/Pods-6thWeek_Seminar/Pods-6thWeek_Seminar-frameworks-${CONFIGURATION}-output-files.xcfilelist",
			);
			runOnlyForDeploymentPostprocessing = 0;
			shellPath = /bin/sh;
			shellScript = "\"${PODS_ROOT}/Target Support Files/Pods-6thWeek_Seminar/Pods-6thWeek_Seminar-frameworks.sh\"\n";
			showEnvVarsInLog = 0;
		};
/* End PBXShellScriptBuildPhase section */

/* Begin PBXSourcesBuildPhase section */
		B893933E247D035F00A4AB28 /* Sources */ = {
			isa = PBXSourcesBuildPhase;
			buildActionMask = 2147483647;
			files = (
				B82CB6E9248FFFED002B0704 /* ItemInfo.swift in Sources */,
				B82CB6E2248FFFD3002B0704 /* SHH_child2ViewController.swift in Sources */,
				B82CB6E5248FFFD3002B0704 /* ParentViewController.swift in Sources */,
				B893934A247D035F00A4AB28 /* ViewController.swift in Sources */,
				B8410FA82481225E00A7EB04 /* ContentCell.swift in Sources */,
				B82CB6E7248FFFD3002B0704 /* MenuTabViewController.swift in Sources */,
				B819E136247FB2E600424856 /* homeYSViewController.swift in Sources */,
				B82CB6ED24900006002B0704 /* SHH_child1ViewController.swift in Sources */,
				B82CB6E4248FFFD3002B0704 /* SHH_ParentViewController.swift in Sources */,
				B82CB6DA248FFFB2002B0704 /* APIConstants.swift in Sources */,
				B8B39AAE2482435900E3E2A2 /* ItemCell.swift in Sources */,
				B8410FAA2481324D00A7EB04 /* content.swift in Sources */,
				B82CB6D9248FFFB2002B0704 /* NetworkResult.swift in Sources */,
				B82CB6DB248FFFB2002B0704 /* shoppingbagData.swift in Sources */,
				B8939346247D035F00A4AB28 /* AppDelegate.swift in Sources */,
				B819E13B247FC66800424856 /* banner.swift in Sources */,
				B819E138247FC4F900424856 /* BannerCell.swift in Sources */,
				B82CB6E6248FFFD3002B0704 /* childViewController1.swift in Sources */,
				B8939348247D035F00A4AB28 /* SceneDelegate.swift in Sources */,
				B82CB6E3248FFFD3002B0704 /* childViewController2.swift in Sources */,
			);
			runOnlyForDeploymentPostprocessing = 0;
		};
		B8939354247D036500A4AB28 /* Sources */ = {
			isa = PBXSourcesBuildPhase;
			buildActionMask = 2147483647;
			files = (
				B893935D247D036500A4AB28 /* _thWeek_SeminarTests.swift in Sources */,
			);
			runOnlyForDeploymentPostprocessing = 0;
		};
		B893935F247D036500A4AB28 /* Sources */ = {
			isa = PBXSourcesBuildPhase;
			buildActionMask = 2147483647;
			files = (
				B8939368247D036500A4AB28 /* _thWeek_SeminarUITests.swift in Sources */,
			);
			runOnlyForDeploymentPostprocessing = 0;
		};
/* End PBXSourcesBuildPhase section */

/* Begin PBXTargetDependency section */
		B893935A247D036500A4AB28 /* PBXTargetDependency */ = {
			isa = PBXTargetDependency;
			target = B8939341247D035F00A4AB28 /* 6thWeek_Seminar */;
			targetProxy = B8939359247D036500A4AB28 /* PBXContainerItemProxy */;
		};
		B8939365247D036500A4AB28 /* PBXTargetDependency */ = {
			isa = PBXTargetDependency;
			target = B8939341247D035F00A4AB28 /* 6thWeek_Seminar */;
			targetProxy = B8939364247D036500A4AB28 /* PBXContainerItemProxy */;
		};
/* End PBXTargetDependency section */

/* Begin PBXVariantGroup section */
		B893934B247D035F00A4AB28 /* Main.storyboard */ = {
			isa = PBXVariantGroup;
			children = (
				B893934C247D035F00A4AB28 /* Base */,
			);
			name = Main.storyboard;
			sourceTree = "<group>";
		};
		B8939350247D036500A4AB28 /* LaunchScreen.storyboard */ = {
			isa = PBXVariantGroup;
			children = (
				B8939351247D036500A4AB28 /* Base */,
			);
			name = LaunchScreen.storyboard;
			sourceTree = "<group>";
		};
/* End PBXVariantGroup section */

/* Begin XCBuildConfiguration section */
		B893936A247D036500A4AB28 /* Debug */ = {
			isa = XCBuildConfiguration;
			buildSettings = {
				ALWAYS_SEARCH_USER_PATHS = NO;
				CLANG_ANALYZER_NONNULL = YES;
				CLANG_ANALYZER_NUMBER_OBJECT_CONVERSION = YES_AGGRESSIVE;
				CLANG_CXX_LANGUAGE_STANDARD = "gnu++14";
				CLANG_CXX_LIBRARY = "libc++";
				CLANG_ENABLE_MODULES = YES;
				CLANG_ENABLE_OBJC_ARC = YES;
				CLANG_ENABLE_OBJC_WEAK = YES;
				CLANG_WARN_BLOCK_CAPTURE_AUTORELEASING = YES;
				CLANG_WARN_BOOL_CONVERSION = YES;
				CLANG_WARN_COMMA = YES;
				CLANG_WARN_CONSTANT_CONVERSION = YES;
				CLANG_WARN_DEPRECATED_OBJC_IMPLEMENTATIONS = YES;
				CLANG_WARN_DIRECT_OBJC_ISA_USAGE = YES_ERROR;
				CLANG_WARN_DOCUMENTATION_COMMENTS = YES;
				CLANG_WARN_EMPTY_BODY = YES;
				CLANG_WARN_ENUM_CONVERSION = YES;
				CLANG_WARN_INFINITE_RECURSION = YES;
				CLANG_WARN_INT_CONVERSION = YES;
				CLANG_WARN_NON_LITERAL_NULL_CONVERSION = YES;
				CLANG_WARN_OBJC_IMPLICIT_RETAIN_SELF = YES;
				CLANG_WARN_OBJC_LITERAL_CONVERSION = YES;
				CLANG_WARN_OBJC_ROOT_CLASS = YES_ERROR;
				CLANG_WARN_RANGE_LOOP_ANALYSIS = YES;
				CLANG_WARN_STRICT_PROTOTYPES = YES;
				CLANG_WARN_SUSPICIOUS_MOVE = YES;
				CLANG_WARN_UNGUARDED_AVAILABILITY = YES_AGGRESSIVE;
				CLANG_WARN_UNREACHABLE_CODE = YES;
				CLANG_WARN__DUPLICATE_METHOD_MATCH = YES;
				COPY_PHASE_STRIP = NO;
				DEBUG_INFORMATION_FORMAT = dwarf;
				ENABLE_STRICT_OBJC_MSGSEND = YES;
				ENABLE_TESTABILITY = YES;
				GCC_C_LANGUAGE_STANDARD = gnu11;
				GCC_DYNAMIC_NO_PIC = NO;
				GCC_NO_COMMON_BLOCKS = YES;
				GCC_OPTIMIZATION_LEVEL = 0;
				GCC_PREPROCESSOR_DEFINITIONS = (
					"DEBUG=1",
					"$(inherited)",
				);
				GCC_WARN_64_TO_32_BIT_CONVERSION = YES;
				GCC_WARN_ABOUT_RETURN_TYPE = YES_ERROR;
				GCC_WARN_UNDECLARED_SELECTOR = YES;
				GCC_WARN_UNINITIALIZED_AUTOS = YES_AGGRESSIVE;
				GCC_WARN_UNUSED_FUNCTION = YES;
				GCC_WARN_UNUSED_VARIABLE = YES;
				IPHONEOS_DEPLOYMENT_TARGET = 13.4;
				MTL_ENABLE_DEBUG_INFO = INCLUDE_SOURCE;
				MTL_FAST_MATH = YES;
				ONLY_ACTIVE_ARCH = YES;
				SDKROOT = iphoneos;
				SWIFT_ACTIVE_COMPILATION_CONDITIONS = DEBUG;
				SWIFT_OPTIMIZATION_LEVEL = "-Onone";
			};
			name = Debug;
		};
		B893936B247D036500A4AB28 /* Release */ = {
			isa = XCBuildConfiguration;
			buildSettings = {
				ALWAYS_SEARCH_USER_PATHS = NO;
				CLANG_ANALYZER_NONNULL = YES;
				CLANG_ANALYZER_NUMBER_OBJECT_CONVERSION = YES_AGGRESSIVE;
				CLANG_CXX_LANGUAGE_STANDARD = "gnu++14";
				CLANG_CXX_LIBRARY = "libc++";
				CLANG_ENABLE_MODULES = YES;
				CLANG_ENABLE_OBJC_ARC = YES;
				CLANG_ENABLE_OBJC_WEAK = YES;
				CLANG_WARN_BLOCK_CAPTURE_AUTORELEASING = YES;
				CLANG_WARN_BOOL_CONVERSION = YES;
				CLANG_WARN_COMMA = YES;
				CLANG_WARN_CONSTANT_CONVERSION = YES;
				CLANG_WARN_DEPRECATED_OBJC_IMPLEMENTATIONS = YES;
				CLANG_WARN_DIRECT_OBJC_ISA_USAGE = YES_ERROR;
				CLANG_WARN_DOCUMENTATION_COMMENTS = YES;
				CLANG_WARN_EMPTY_BODY = YES;
				CLANG_WARN_ENUM_CONVERSION = YES;
				CLANG_WARN_INFINITE_RECURSION = YES;
				CLANG_WARN_INT_CONVERSION = YES;
				CLANG_WARN_NON_LITERAL_NULL_CONVERSION = YES;
				CLANG_WARN_OBJC_IMPLICIT_RETAIN_SELF = YES;
				CLANG_WARN_OBJC_LITERAL_CONVERSION = YES;
				CLANG_WARN_OBJC_ROOT_CLASS = YES_ERROR;
				CLANG_WARN_RANGE_LOOP_ANALYSIS = YES;
				CLANG_WARN_STRICT_PROTOTYPES = YES;
				CLANG_WARN_SUSPICIOUS_MOVE = YES;
				CLANG_WARN_UNGUARDED_AVAILABILITY = YES_AGGRESSIVE;
				CLANG_WARN_UNREACHABLE_CODE = YES;
				CLANG_WARN__DUPLICATE_METHOD_MATCH = YES;
				COPY_PHASE_STRIP = NO;
				DEBUG_INFORMATION_FORMAT = "dwarf-with-dsym";
				ENABLE_NS_ASSERTIONS = NO;
				ENABLE_STRICT_OBJC_MSGSEND = YES;
				GCC_C_LANGUAGE_STANDARD = gnu11;
				GCC_NO_COMMON_BLOCKS = YES;
				GCC_WARN_64_TO_32_BIT_CONVERSION = YES;
				GCC_WARN_ABOUT_RETURN_TYPE = YES_ERROR;
				GCC_WARN_UNDECLARED_SELECTOR = YES;
				GCC_WARN_UNINITIALIZED_AUTOS = YES_AGGRESSIVE;
				GCC_WARN_UNUSED_FUNCTION = YES;
				GCC_WARN_UNUSED_VARIABLE = YES;
				IPHONEOS_DEPLOYMENT_TARGET = 13.4;
				MTL_ENABLE_DEBUG_INFO = NO;
				MTL_FAST_MATH = YES;
				SDKROOT = iphoneos;
				SWIFT_COMPILATION_MODE = wholemodule;
				SWIFT_OPTIMIZATION_LEVEL = "-O";
				VALIDATE_PRODUCT = YES;
			};
			name = Release;
		};
		B893936D247D036500A4AB28 /* Debug */ = {
			isa = XCBuildConfiguration;
			baseConfigurationReference = 64805728A0DEC9D30D2274D7 /* Pods-6thWeek_Seminar.debug.xcconfig */;
			buildSettings = {
				ASSETCATALOG_COMPILER_APPICON_NAME = AppIcon;
				CODE_SIGN_STYLE = Automatic;
				INFOPLIST_FILE = 6thWeek_Seminar/Info.plist;
				LD_RUNPATH_SEARCH_PATHS = (
					"$(inherited)",
					"@executable_path/Frameworks",
				);
				PRODUCT_BUNDLE_IDENTIFIER = "seul.-thWeek-Seminar";
				PRODUCT_NAME = "$(TARGET_NAME)";
				SWIFT_VERSION = 5.0;
				TARGETED_DEVICE_FAMILY = "1,2";
			};
			name = Debug;
		};
		B893936E247D036500A4AB28 /* Release */ = {
			isa = XCBuildConfiguration;
			baseConfigurationReference = CE27C2EEF02CDC7B881043D0 /* Pods-6thWeek_Seminar.release.xcconfig */;
			buildSettings = {
				ASSETCATALOG_COMPILER_APPICON_NAME = AppIcon;
				CODE_SIGN_STYLE = Automatic;
				INFOPLIST_FILE = 6thWeek_Seminar/Info.plist;
				LD_RUNPATH_SEARCH_PATHS = (
					"$(inherited)",
					"@executable_path/Frameworks",
				);
				PRODUCT_BUNDLE_IDENTIFIER = "seul.-thWeek-Seminar";
				PRODUCT_NAME = "$(TARGET_NAME)";
				SWIFT_VERSION = 5.0;
				TARGETED_DEVICE_FAMILY = "1,2";
			};
			name = Release;
		};
		B8939370247D036500A4AB28 /* Debug */ = {
			isa = XCBuildConfiguration;
			baseConfigurationReference = 2910FD1DF7EFD80E190C1DD4 /* Pods-6thWeek_SeminarTests.debug.xcconfig */;
			buildSettings = {
				ALWAYS_EMBED_SWIFT_STANDARD_LIBRARIES = YES;
				BUNDLE_LOADER = "$(TEST_HOST)";
				CODE_SIGN_STYLE = Automatic;
				INFOPLIST_FILE = 6thWeek_SeminarTests/Info.plist;
				IPHONEOS_DEPLOYMENT_TARGET = 13.4;
				LD_RUNPATH_SEARCH_PATHS = (
					"$(inherited)",
					"@executable_path/Frameworks",
					"@loader_path/Frameworks",
				);
				PRODUCT_BUNDLE_IDENTIFIER = "seul.-thWeek-SeminarTests";
				PRODUCT_NAME = "$(TARGET_NAME)";
				SWIFT_VERSION = 5.0;
				TARGETED_DEVICE_FAMILY = "1,2";
				TEST_HOST = "$(BUILT_PRODUCTS_DIR)/6thWeek_Seminar.app/6thWeek_Seminar";
			};
			name = Debug;
		};
		B8939371247D036500A4AB28 /* Release */ = {
			isa = XCBuildConfiguration;
			baseConfigurationReference = 78071CC74078415B36BEBAFD /* Pods-6thWeek_SeminarTests.release.xcconfig */;
			buildSettings = {
				ALWAYS_EMBED_SWIFT_STANDARD_LIBRARIES = YES;
				BUNDLE_LOADER = "$(TEST_HOST)";
				CODE_SIGN_STYLE = Automatic;
				INFOPLIST_FILE = 6thWeek_SeminarTests/Info.plist;
				IPHONEOS_DEPLOYMENT_TARGET = 13.4;
				LD_RUNPATH_SEARCH_PATHS = (
					"$(inherited)",
					"@executable_path/Frameworks",
					"@loader_path/Frameworks",
				);
				PRODUCT_BUNDLE_IDENTIFIER = "seul.-thWeek-SeminarTests";
				PRODUCT_NAME = "$(TARGET_NAME)";
				SWIFT_VERSION = 5.0;
				TARGETED_DEVICE_FAMILY = "1,2";
				TEST_HOST = "$(BUILT_PRODUCTS_DIR)/6thWeek_Seminar.app/6thWeek_Seminar";
			};
			name = Release;
		};
		B8939373247D036500A4AB28 /* Debug */ = {
			isa = XCBuildConfiguration;
			baseConfigurationReference = 86B05CCD337A565AD21E07AC /* Pods-6thWeek_Seminar-6thWeek_SeminarUITests.debug.xcconfig */;
			buildSettings = {
				ALWAYS_EMBED_SWIFT_STANDARD_LIBRARIES = YES;
				CODE_SIGN_STYLE = Automatic;
				INFOPLIST_FILE = 6thWeek_SeminarUITests/Info.plist;
				LD_RUNPATH_SEARCH_PATHS = (
					"$(inherited)",
					"@executable_path/Frameworks",
					"@loader_path/Frameworks",
				);
				PRODUCT_BUNDLE_IDENTIFIER = "seul.-thWeek-SeminarUITests";
				PRODUCT_NAME = "$(TARGET_NAME)";
				SWIFT_VERSION = 5.0;
				TARGETED_DEVICE_FAMILY = "1,2";
				TEST_TARGET_NAME = 6thWeek_Seminar;
			};
			name = Debug;
		};
		B8939374247D036500A4AB28 /* Release */ = {
			isa = XCBuildConfiguration;
			baseConfigurationReference = 90107FFED4FF7F29F1DF6F84 /* Pods-6thWeek_Seminar-6thWeek_SeminarUITests.release.xcconfig */;
			buildSettings = {
				ALWAYS_EMBED_SWIFT_STANDARD_LIBRARIES = YES;
				CODE_SIGN_STYLE = Automatic;
				INFOPLIST_FILE = 6thWeek_SeminarUITests/Info.plist;
				LD_RUNPATH_SEARCH_PATHS = (
					"$(inherited)",
					"@executable_path/Frameworks",
					"@loader_path/Frameworks",
				);
				PRODUCT_BUNDLE_IDENTIFIER = "seul.-thWeek-SeminarUITests";
				PRODUCT_NAME = "$(TARGET_NAME)";
				SWIFT_VERSION = 5.0;
				TARGETED_DEVICE_FAMILY = "1,2";
				TEST_TARGET_NAME = 6thWeek_Seminar;
			};
			name = Release;
		};
/* End XCBuildConfiguration section */

/* Begin XCConfigurationList section */
		B893933D247D035F00A4AB28 /* Build configuration list for PBXProject "6thWeek_Seminar" */ = {
			isa = XCConfigurationList;
			buildConfigurations = (
				B893936A247D036500A4AB28 /* Debug */,
				B893936B247D036500A4AB28 /* Release */,
			);
			defaultConfigurationIsVisible = 0;
			defaultConfigurationName = Release;
		};
		B893936C247D036500A4AB28 /* Build configuration list for PBXNativeTarget "6thWeek_Seminar" */ = {
			isa = XCConfigurationList;
			buildConfigurations = (
				B893936D247D036500A4AB28 /* Debug */,
				B893936E247D036500A4AB28 /* Release */,
			);
			defaultConfigurationIsVisible = 0;
			defaultConfigurationName = Release;
		};
		B893936F247D036500A4AB28 /* Build configuration list for PBXNativeTarget "6thWeek_SeminarTests" */ = {
			isa = XCConfigurationList;
			buildConfigurations = (
				B8939370247D036500A4AB28 /* Debug */,
				B8939371247D036500A4AB28 /* Release */,
			);
			defaultConfigurationIsVisible = 0;
			defaultConfigurationName = Release;
		};
		B8939372247D036500A4AB28 /* Build configuration list for PBXNativeTarget "6thWeek_SeminarUITests" */ = {
			isa = XCConfigurationList;
			buildConfigurations = (
				B8939373247D036500A4AB28 /* Debug */,
				B8939374247D036500A4AB28 /* Release */,
			);
			defaultConfigurationIsVisible = 0;
			defaultConfigurationName = Release;
		};
/* End XCConfigurationList section */
	};
	rootObject = B893933A247D035F00A4AB28 /* Project object */;
}
